
Microsoft Visual Studio Solution File, Format Version 12.00
# Visual Studio 15
VisualStudioVersion = 15.0.28307.136
MinimumVisualStudioVersion = 10.0.40219.1
Project("{9A19103F-16F7-4668-BE54-9A1E7A4F7556}") = "ClassifiedPrint.Uploader", "ClassifiedPrint.Uploader\ClassifiedPrint.Uploader.csproj", "{50BD8B0C-9D7B-468A-86D7-D4CE874AA818}"
EndProject
Project("{9A19103F-16F7-4668-BE54-9A1E7A4F7556}") = "ClassifiedPrint.Core", "ClassifiedPrint.Core\ClassifiedPrint.Core.csproj", "{70AF0DCD-37C5-4083-8A32-D8860C0B951C}"
EndProject
Global
	GlobalSection(SolutionConfigurationPlatforms) = preSolution
		Debug|Any CPU = Debug|Any CPU
		Release|Any CPU = Release|Any CPU
	EndGlobalSection
	GlobalSection(ProjectConfigurationPlatforms) = postSolution
		{50BD8B0C-9D7B-468A-86D7-D4CE874AA818}.Debug|Any CPU.ActiveCfg = Debug|Any CPU
		{50BD8B0C-9D7B-468A-86D7-D4CE874AA818}.Debug|Any CPU.Build.0 = Debug|Any CPU
		{50BD8B0C-9D7B-468A-86D7-D4CE874AA818}.Release|Any CPU.ActiveCfg = Release|Any CPU
		{50BD8B0C-9D7B-468A-86D7-D4CE874AA818}.Release|Any CPU.Build.0 = Release|Any CPU
		{70AF0DCD-37C5-4083-8A32-D8860C0B951C}.Debug|Any CPU.ActiveCfg = Debug|Any CPU
		{70AF0DCD-37C5-4083-8A32-D8860C0B951C}.Debug|Any CPU.Build.0 = Debug|Any CPU
		{70AF0DCD-37C5-4083-8A32-D8860C0B951C}.Release|Any CPU.ActiveCfg = Release|Any CPU
		{70AF0DCD-37C5-4083-8A32-D8860C0B951C}.Release|Any CPU.Build.0 = Release|Any CPU
	EndGlobalSection
	GlobalSection(SolutionProperties) = preSolution
		HideSolutionNode = FALSE
	EndGlobalSection
	GlobalSection(ExtensibilityGlobals) = postSolution
		SolutionGuid = {F75E415C-2931-49AE-88BA-FC3786F8DF64}
	EndGlobalSection
EndGlobal
